
Microsoft Visual Studio Solution File, Format Version 12.00
# Visual Studio Version 16
VisualStudioVersion = 16.0.31321.278
MinimumVisualStudioVersion = 10.0.40219.1
Project("{FAE04EC0-301F-11D3-BF4B-00C04F79EFBC}") = "EntityFrameworkTesting", "EntityFrameworkTesting.csproj", "{1A53F266-5BBD-4902-B7A8-4C308EC7A915}"
EndProject
Global
	GlobalSection(SolutionConfigurationPlatforms) = preSolution
		Debug|Any CPU = Debug|Any CPU
		Release|Any CPU = Release|Any CPU
	EndGlobalSection
	GlobalSection(ProjectConfigurationPlatforms) = postSolution
		{1A53F266-5BBD-4902-B7A8-4C308EC7A915}.Debug|Any CPU.ActiveCfg = Debug|Any CPU
		{1A53F266-5BBD-4902-B7A8-4C308EC7A915}.Debug|Any CPU.Build.0 = Debug|Any CPU
		{1A53F266-5BBD-4902-B7A8-4C308EC7A915}.Release|Any CPU.ActiveCfg = Release|Any CPU
		{1A53F266-5BBD-4902-B7A8-4C308EC7A915}.Release|Any CPU.Build.0 = Release|Any CPU
	EndGlobalSection
	GlobalSection(SolutionProperties) = preSolution
		HideSolutionNode = FALSE
	EndGlobalSection
	GlobalSection(ExtensibilityGlobals) = postSolution
		SolutionGuid = {15DDF266-DC9E-4A76-98CC-068CC0AEDC93}
	EndGlobalSection
EndGlobal
